
Microsoft Visual Studio Solution File, Format Version 12.00
# Visual Studio Version 17
VisualStudioVersion = 17.2.32630.192
MinimumVisualStudioVersion = 10.0.40219.1
Project("{9A19103F-16F7-4668-BE54-9A1E7A4F7556}") = "Singleton_Design_Pattern_Practice", "Singleton_Design_Pattern_Pratic\Singleton_Design_Pattern_Practice.csproj", "{F2CEF277-5B4E-426F-A8FC-55F9BF6777A9}"
EndProject
Project("{9A19103F-16F7-4668-BE54-9A1E7A4F7556}") = "Singleton_Design_Pattern_CSharp_AspNetCore_Example", "Singleton_Design_Pattern_CSharp_AspNetCore_Example\Singleton_Design_Pattern_CSharp_AspNetCore_Example.csproj", "{C7B5CDC1-2ECF-48FE-A00F-07DE9D2531B3}"
EndProject
Project("{9A19103F-16F7-4668-BE54-9A1E7A4F7556}") = "Singleton_Design_Pattern_Asynchronous_Example", "Singleton_Design_Pattern_Asynchronous_Example\Singleton_Design_Pattern_Asynchronous_Example.csproj", "{A0F22ABB-AFC2-46AA-9BF7-5CF364E6C349}"
EndProject
Project("{9092AA53-FB77-4645-B42D-1CCCA6BD08BD}") = "Singleton_Design_Pattern_Typescript_Example", "Singleton_Design_Pattern_Typescript_Example\Singleton_Design_Pattern_Typescript_Example.njsproj", "{66580E49-2BAA-4B7B-B142-73570DB7A5B2}"
EndProject
Project("{9A19103F-16F7-4668-BE54-9A1E7A4F7556}") = "Multiton_Design_Pattern_Example", "Multiton_Design_Pattern_Example\Multiton_Design_Pattern_Example.csproj", "{68121318-59A9-405F-BDAA-08A3F57C570C}"
EndProject
Project("{9092AA53-FB77-4645-B42D-1CCCA6BD08BD}") = "Multiton_Design_Pattern_Typescript_Example", "Multiton_Design_Pattern_Typescript_Example\Multiton_Design_Pattern_Typescript_Example.njsproj", "{07107131-3CD1-4503-8920-95A9DCE289F0}"
EndProject
Project("{9A19103F-16F7-4668-BE54-9A1E7A4F7556}") = "Factory_Method_Design_Pattern_Practice_1", "Factory_Method_Design_Pattern_Pratic\Factory_Method_Design_Pattern_Practice_1.csproj", "{05630943-D68F-4961-9FAC-E1F0D3C324BB}"
EndProject
Project("{9A19103F-16F7-4668-BE54-9A1E7A4F7556}") = "Factory_Method_Design_Pattern_Practice_2", "Factory_Method_Design_Pattern_Pratic_2\Factory_Method_Design_Pattern_Practice_2.csproj", "{97EF251B-F139-4F4D-B166-22D985246C75}"
EndProject
Project("{9A19103F-16F7-4668-BE54-9A1E7A4F7556}") = "Factory_Method_Design_Pattern_CSharp_Example_1", "Factory_Method_Design_Pattern_CSharp_Example\Factory_Method_Design_Pattern_CSharp_Example_1.csproj", "{B22466FD-4676-494F-B7D1-0A5C101D3EC7}"
EndProject
Project("{9A19103F-16F7-4668-BE54-9A1E7A4F7556}") = "Factory_Method_Design_Pattern_CSharp_Example_2", "Factory_Method_Design_Pattern_CSharp_Example_2\Factory_Method_Design_Pattern_CSharp_Example_2.csproj", "{CF390C70-A995-488D-8BD7-6B8C64FC077E}"
EndProject
Project("{9A19103F-16F7-4668-BE54-9A1E7A4F7556}") = "Factory_Method_Design_Pattern_CSharp_Example_3", "Factory_Method_Design_Pattern_CSharp_Example_3\Factory_Method_Design_Pattern_CSharp_Example_3.csproj", "{A3D35570-8A12-4D68-AA68-519F2D8AEF98}"
EndProject
Project("{9092AA53-FB77-4645-B42D-1CCCA6BD08BD}") = "Factory_Method_Design_Pattern_Typescript_Example", "Factory_Method_Design_Pattern_Typescript_Example\Factory_Method_Design_Pattern_Typescript_Example.njsproj", "{8C9E517A-634F-4825-BBCB-3B293D85ECBB}"
EndProject
Project("{9A19103F-16F7-4668-BE54-9A1E7A4F7556}") = "Abstract_Factory_Design_Pattern_Practice_1", "Abstract_Factory_Design_Pattern_Pratic\Abstract_Factory_Design_Pattern_Practice_1.csproj", "{199E8074-7CFA-479E-A332-8EDB040923D3}"
EndProject
Project("{9A19103F-16F7-4668-BE54-9A1E7A4F7556}") = "Abstract_Factory_Design_Pattern_Practice_2", "Abstract_Factory_Design_Pattern_Pratic_2\Abstract_Factory_Design_Pattern_Practice_2.csproj", "{46A145B9-7F69-4EA4-807E-B87E254CB918}"
EndProject
Project("{9A19103F-16F7-4668-BE54-9A1E7A4F7556}") = "Abstract_Factory_Design_Pattern_CSharp_Example_1", "Abstract_Factory_Design_Pattern_CSharp_Example\Abstract_Factory_Design_Pattern_CSharp_Example_1.csproj", "{CEC6BFFD-1476-421E-9A9C-441F9DFA9C47}"
EndProject
Project("{9A19103F-16F7-4668-BE54-9A1E7A4F7556}") = "Abstract_Factory_Design_Pattern_CSharp_Example_2", "Abstract_Factory_Design_Pattern_CSharp_Example_2\Abstract_Factory_Design_Pattern_CSharp_Example_2.csproj", "{1F8F931B-BB16-4124-8B27-4D1A3424DB1F}"
EndProject
Project("{9092AA53-FB77-4645-B42D-1CCCA6BD08BD}") = "Abstract_Factory_Design_Pattern_Typescript_Example", "Abstract_Factory_Design_Pattern_Typescript_Example\Abstract_Factory_Design_Pattern_Typescript_Example.njsproj", "{D7B0436F-26A9-4367-B42C-AAAF7C1F72B6}"
EndProject
Project("{9A19103F-16F7-4668-BE54-9A1E7A4F7556}") = "Prototype_Design_Pattern_Practice_1", "Prototype_Design_Pattern_Pratic_1\Prototype_Design_Pattern_Practice_1.csproj", "{B4E2357F-1B0C-4197-B649-1A7F7CBA045E}"
EndProject
Project("{9A19103F-16F7-4668-BE54-9A1E7A4F7556}") = "Prototype_Design_Pattern_Practice_2", "Prototype_Design_Pattern_Pratic_2\Prototype_Design_Pattern_Practice_2.csproj", "{650E7D18-11AD-44C6-9ACF-214A9F442046}"
EndProject
Project("{9092AA53-FB77-4645-B42D-1CCCA6BD08BD}") = "Prototype_Design_Pattern_Typescript_Example", "Prototype_Design_Pattern_Typescript_Example\Prototype_Design_Pattern_Typescript_Example.njsproj", "{D15B4FFA-4156-4002-9853-0D4331D687E8}"
EndProject
Project("{FAE04EC0-301F-11D3-BF4B-00C04F79EFBC}") = "Object_Pool_Design_Pattern_Practice_1", "Object_Pool_Design_Pattern_Practice\Object_Pool_Design_Pattern_Practice_1.csproj", "{A79EBA38-D922-4120-A6E9-93A60B50EB07}"
EndProject
Project("{FAE04EC0-301F-11D3-BF4B-00C04F79EFBC}") = "Object_Pool_Design_Pattern_Practice_2", "Object_Pool_Design_Pattern_Practice_2\Object_Pool_Design_Pattern_Practice_2.csproj", "{C4C89DAB-B0FC-4963-B078-6D18564B76E2}"
EndProject
Project("{FAE04EC0-301F-11D3-BF4B-00C04F79EFBC}") = "Object_Pool_Design_Pattern_Practice_3", "Object_Pool_Design_Pattern_Practice_3\Object_Pool_Design_Pattern_Practice_3.csproj", "{A46EEB76-47D3-40C7-948C-60557D613549}"
EndProject
Project("{FAE04EC0-301F-11D3-BF4B-00C04F79EFBC}") = "Object_Pool_Design_Pattern_Practice_4", "Object_Pool_Design_Pattern_Practice_4\Object_Pool_Design_Pattern_Practice_4.csproj", "{8A936821-AE2D-4503-A445-776F4F300185}"
EndProject
Project("{FAE04EC0-301F-11D3-BF4B-00C04F79EFBC}") = "Object_Pool_Design_Pattern_CSharp_AspNetCore_Example", "Object_Pool_Design_Pattern_CSharp_AspNetCore_Example\Object_Pool_Design_Pattern_CSharp_AspNetCore_Example.csproj", "{0DCF66E1-3C97-4A96-8DC4-83C2ADD7DF4B}"
EndProject
Project("{9092AA53-FB77-4645-B42D-1CCCA6BD08BD}") = "Object_Pool_Design_Pattern_Typescript_Example", "Object_Pool_Design_Pattern_Typescript_Example\Object_Pool_Design_Pattern_Typescript_Example.njsproj", "{48758EAC-64BD-4D65-8E32-7CB8BE24407E}"
EndProject
Global
	GlobalSection(SolutionConfigurationPlatforms) = preSolution
		Debug|Any CPU = Debug|Any CPU
		Release|Any CPU = Release|Any CPU
	EndGlobalSection
	GlobalSection(ProjectConfigurationPlatforms) = postSolution
		{F2CEF277-5B4E-426F-A8FC-55F9BF6777A9}.Debug|Any CPU.ActiveCfg = Debug|Any CPU
		{F2CEF277-5B4E-426F-A8FC-55F9BF6777A9}.Debug|Any CPU.Build.0 = Debug|Any CPU
		{F2CEF277-5B4E-426F-A8FC-55F9BF6777A9}.Release|Any CPU.ActiveCfg = Release|Any CPU
		{F2CEF277-5B4E-426F-A8FC-55F9BF6777A9}.Release|Any CPU.Build.0 = Release|Any CPU
		{C7B5CDC1-2ECF-48FE-A00F-07DE9D2531B3}.Debug|Any CPU.ActiveCfg = Debug|Any CPU
		{C7B5CDC1-2ECF-48FE-A00F-07DE9D2531B3}.Debug|Any CPU.Build.0 = Debug|Any CPU
		{C7B5CDC1-2ECF-48FE-A00F-07DE9D2531B3}.Release|Any CPU.ActiveCfg = Release|Any CPU
		{C7B5CDC1-2ECF-48FE-A00F-07DE9D2531B3}.Release|Any CPU.Build.0 = Release|Any CPU
		{A0F22ABB-AFC2-46AA-9BF7-5CF364E6C349}.Debug|Any CPU.ActiveCfg = Debug|Any CPU
		{A0F22ABB-AFC2-46AA-9BF7-5CF364E6C349}.Debug|Any CPU.Build.0 = Debug|Any CPU
		{A0F22ABB-AFC2-46AA-9BF7-5CF364E6C349}.Release|Any CPU.ActiveCfg = Release|Any CPU
		{A0F22ABB-AFC2-46AA-9BF7-5CF364E6C349}.Release|Any CPU.Build.0 = Release|Any CPU
		{66580E49-2BAA-4B7B-B142-73570DB7A5B2}.Debug|Any CPU.ActiveCfg = Debug|Any CPU
		{66580E49-2BAA-4B7B-B142-73570DB7A5B2}.Debug|Any CPU.Build.0 = Debug|Any CPU
		{66580E49-2BAA-4B7B-B142-73570DB7A5B2}.Release|Any CPU.ActiveCfg = Release|Any CPU
		{66580E49-2BAA-4B7B-B142-73570DB7A5B2}.Release|Any CPU.Build.0 = Release|Any CPU
		{68121318-59A9-405F-BDAA-08A3F57C570C}.Debug|Any CPU.ActiveCfg = Debug|Any CPU
		{68121318-59A9-405F-BDAA-08A3F57C570C}.Debug|Any CPU.Build.0 = Debug|Any CPU
		{68121318-59A9-405F-BDAA-08A3F57C570C}.Release|Any CPU.ActiveCfg = Release|Any CPU
		{68121318-59A9-405F-BDAA-08A3F57C570C}.Release|Any CPU.Build.0 = Release|Any CPU
		{07107131-3CD1-4503-8920-95A9DCE289F0}.Debug|Any CPU.ActiveCfg = Debug|Any CPU
		{07107131-3CD1-4503-8920-95A9DCE289F0}.Debug|Any CPU.Build.0 = Debug|Any CPU
		{07107131-3CD1-4503-8920-95A9DCE289F0}.Release|Any CPU.ActiveCfg = Release|Any CPU
		{07107131-3CD1-4503-8920-95A9DCE289F0}.Release|Any CPU.Build.0 = Release|Any CPU
		{05630943-D68F-4961-9FAC-E1F0D3C324BB}.Debug|Any CPU.ActiveCfg = Debug|Any CPU
		{05630943-D68F-4961-9FAC-E1F0D3C324BB}.Debug|Any CPU.Build.0 = Debug|Any CPU
		{05630943-D68F-4961-9FAC-E1F0D3C324BB}.Release|Any CPU.ActiveCfg = Release|Any CPU
		{05630943-D68F-4961-9FAC-E1F0D3C324BB}.Release|Any CPU.Build.0 = Release|Any CPU
		{97EF251B-F139-4F4D-B166-22D985246C75}.Debug|Any CPU.ActiveCfg = Debug|Any CPU
		{97EF251B-F139-4F4D-B166-22D985246C75}.Debug|Any CPU.Build.0 = Debug|Any CPU
		{97EF251B-F139-4F4D-B166-22D985246C75}.Release|Any CPU.ActiveCfg = Release|Any CPU
		{97EF251B-F139-4F4D-B166-22D985246C75}.Release|Any CPU.Build.0 = Release|Any CPU
		{B22466FD-4676-494F-B7D1-0A5C101D3EC7}.Debug|Any CPU.ActiveCfg = Debug|Any CPU
		{B22466FD-4676-494F-B7D1-0A5C101D3EC7}.Debug|Any CPU.Build.0 = Debug|Any CPU
		{B22466FD-4676-494F-B7D1-0A5C101D3EC7}.Release|Any CPU.ActiveCfg = Release|Any CPU
		{B22466FD-4676-494F-B7D1-0A5C101D3EC7}.Release|Any CPU.Build.0 = Release|Any CPU
		{CF390C70-A995-488D-8BD7-6B8C64FC077E}.Debug|Any CPU.ActiveCfg = Debug|Any CPU
		{CF390C70-A995-488D-8BD7-6B8C64FC077E}.Debug|Any CPU.Build.0 = Debug|Any CPU
		{CF390C70-A995-488D-8BD7-6B8C64FC077E}.Release|Any CPU.ActiveCfg = Release|Any CPU
		{CF390C70-A995-488D-8BD7-6B8C64FC077E}.Release|Any CPU.Build.0 = Release|Any CPU
		{A3D35570-8A12-4D68-AA68-519F2D8AEF98}.Debug|Any CPU.ActiveCfg = Debug|Any CPU
		{A3D35570-8A12-4D68-AA68-519F2D8AEF98}.Debug|Any CPU.Build.0 = Debug|Any CPU
		{A3D35570-8A12-4D68-AA68-519F2D8AEF98}.Release|Any CPU.ActiveCfg = Release|Any CPU
		{A3D35570-8A12-4D68-AA68-519F2D8AEF98}.Release|Any CPU.Build.0 = Release|Any CPU
		{8C9E517A-634F-4825-BBCB-3B293D85ECBB}.Debug|Any CPU.ActiveCfg = Debug|Any CPU
		{8C9E517A-634F-4825-BBCB-3B293D85ECBB}.Debug|Any CPU.Build.0 = Debug|Any CPU
		{8C9E517A-634F-4825-BBCB-3B293D85ECBB}.Release|Any CPU.ActiveCfg = Release|Any CPU
		{8C9E517A-634F-4825-BBCB-3B293D85ECBB}.Release|Any CPU.Build.0 = Release|Any CPU
		{199E8074-7CFA-479E-A332-8EDB040923D3}.Debug|Any CPU.ActiveCfg = Debug|Any CPU
		{199E8074-7CFA-479E-A332-8EDB040923D3}.Debug|Any CPU.Build.0 = Debug|Any CPU
		{199E8074-7CFA-479E-A332-8EDB040923D3}.Release|Any CPU.ActiveCfg = Release|Any CPU
		{199E8074-7CFA-479E-A332-8EDB040923D3}.Release|Any CPU.Build.0 = Release|Any CPU
		{46A145B9-7F69-4EA4-807E-B87E254CB918}.Debug|Any CPU.ActiveCfg = Debug|Any CPU
		{46A145B9-7F69-4EA4-807E-B87E254CB918}.Debug|Any CPU.Build.0 = Debug|Any CPU
		{46A145B9-7F69-4EA4-807E-B87E254CB918}.Release|Any CPU.ActiveCfg = Release|Any CPU
		{46A145B9-7F69-4EA4-807E-B87E254CB918}.Release|Any CPU.Build.0 = Release|Any CPU
		{CEC6BFFD-1476-421E-9A9C-441F9DFA9C47}.Debug|Any CPU.ActiveCfg = Debug|Any CPU
		{CEC6BFFD-1476-421E-9A9C-441F9DFA9C47}.Debug|Any CPU.Build.0 = Debug|Any CPU
		{CEC6BFFD-1476-421E-9A9C-441F9DFA9C47}.Release|Any CPU.ActiveCfg = Release|Any CPU
		{CEC6BFFD-1476-421E-9A9C-441F9DFA9C47}.Release|Any CPU.Build.0 = Release|Any CPU
		{1F8F931B-BB16-4124-8B27-4D1A3424DB1F}.Debug|Any CPU.ActiveCfg = Debug|Any CPU
		{1F8F931B-BB16-4124-8B27-4D1A3424DB1F}.Debug|Any CPU.Build.0 = Debug|Any CPU
		{1F8F931B-BB16-4124-8B27-4D1A3424DB1F}.Release|Any CPU.ActiveCfg = Release|Any CPU
		{1F8F931B-BB16-4124-8B27-4D1A3424DB1F}.Release|Any CPU.Build.0 = Release|Any CPU
		{D7B0436F-26A9-4367-B42C-AAAF7C1F72B6}.Debug|Any CPU.ActiveCfg = Debug|Any CPU
		{D7B0436F-26A9-4367-B42C-AAAF7C1F72B6}.Debug|Any CPU.Build.0 = Debug|Any CPU
		{D7B0436F-26A9-4367-B42C-AAAF7C1F72B6}.Release|Any CPU.ActiveCfg = Release|Any CPU
		{D7B0436F-26A9-4367-B42C-AAAF7C1F72B6}.Release|Any CPU.Build.0 = Release|Any CPU
		{B4E2357F-1B0C-4197-B649-1A7F7CBA045E}.Debug|Any CPU.ActiveCfg = Debug|Any CPU
		{B4E2357F-1B0C-4197-B649-1A7F7CBA045E}.Debug|Any CPU.Build.0 = Debug|Any CPU
		{B4E2357F-1B0C-4197-B649-1A7F7CBA045E}.Release|Any CPU.ActiveCfg = Release|Any CPU
		{B4E2357F-1B0C-4197-B649-1A7F7CBA045E}.Release|Any CPU.Build.0 = Release|Any CPU
		{650E7D18-11AD-44C6-9ACF-214A9F442046}.Debug|Any CPU.ActiveCfg = Debug|Any CPU
		{650E7D18-11AD-44C6-9ACF-214A9F442046}.Debug|Any CPU.Build.0 = Debug|Any CPU
		{650E7D18-11AD-44C6-9ACF-214A9F442046}.Release|Any CPU.ActiveCfg = Release|Any CPU
		{650E7D18-11AD-44C6-9ACF-214A9F442046}.Release|Any CPU.Build.0 = Release|Any CPU
		{D15B4FFA-4156-4002-9853-0D4331D687E8}.Debug|Any CPU.ActiveCfg = Debug|Any CPU
		{D15B4FFA-4156-4002-9853-0D4331D687E8}.Debug|Any CPU.Build.0 = Debug|Any CPU
		{D15B4FFA-4156-4002-9853-0D4331D687E8}.Release|Any CPU.ActiveCfg = Release|Any CPU
		{D15B4FFA-4156-4002-9853-0D4331D687E8}.Release|Any CPU.Build.0 = Release|Any CPU
		{A79EBA38-D922-4120-A6E9-93A60B50EB07}.Debug|Any CPU.ActiveCfg = Debug|Any CPU
		{A79EBA38-D922-4120-A6E9-93A60B50EB07}.Debug|Any CPU.Build.0 = Debug|Any CPU
		{A79EBA38-D922-4120-A6E9-93A60B50EB07}.Release|Any CPU.ActiveCfg = Release|Any CPU
		{A79EBA38-D922-4120-A6E9-93A60B50EB07}.Release|Any CPU.Build.0 = Release|Any CPU
		{C4C89DAB-B0FC-4963-B078-6D18564B76E2}.Debug|Any CPU.ActiveCfg = Debug|Any CPU
		{C4C89DAB-B0FC-4963-B078-6D18564B76E2}.Debug|Any CPU.Build.0 = Debug|Any CPU
		{C4C89DAB-B0FC-4963-B078-6D18564B76E2}.Release|Any CPU.ActiveCfg = Release|Any CPU
		{C4C89DAB-B0FC-4963-B078-6D18564B76E2}.Release|Any CPU.Build.0 = Release|Any CPU
		{A46EEB76-47D3-40C7-948C-60557D613549}.Debug|Any CPU.ActiveCfg = Debug|Any CPU
		{A46EEB76-47D3-40C7-948C-60557D613549}.Debug|Any CPU.Build.0 = Debug|Any CPU
		{A46EEB76-47D3-40C7-948C-60557D613549}.Release|Any CPU.ActiveCfg = Release|Any CPU
		{A46EEB76-47D3-40C7-948C-60557D613549}.Release|Any CPU.Build.0 = Release|Any CPU
		{8A936821-AE2D-4503-A445-776F4F300185}.Debug|Any CPU.ActiveCfg = Debug|Any CPU
		{8A936821-AE2D-4503-A445-776F4F300185}.Debug|Any CPU.Build.0 = Debug|Any CPU
		{8A936821-AE2D-4503-A445-776F4F300185}.Release|Any CPU.ActiveCfg = Release|Any CPU
		{8A936821-AE2D-4503-A445-776F4F300185}.Release|Any CPU.Build.0 = Release|Any CPU
		{0DCF66E1-3C97-4A96-8DC4-83C2ADD7DF4B}.Debug|Any CPU.ActiveCfg = Debug|Any CPU
		{0DCF66E1-3C97-4A96-8DC4-83C2ADD7DF4B}.Debug|Any CPU.Build.0 = Debug|Any CPU
		{0DCF66E1-3C97-4A96-8DC4-83C2ADD7DF4B}.Release|Any CPU.ActiveCfg = Release|Any CPU
		{0DCF66E1-3C97-4A96-8DC4-83C2ADD7DF4B}.Release|Any CPU.Build.0 = Release|Any CPU
		{48758EAC-64BD-4D65-8E32-7CB8BE24407E}.Debug|Any CPU.ActiveCfg = Debug|Any CPU
		{48758EAC-64BD-4D65-8E32-7CB8BE24407E}.Debug|Any CPU.Build.0 = Debug|Any CPU
		{48758EAC-64BD-4D65-8E32-7CB8BE24407E}.Release|Any CPU.ActiveCfg = Release|Any CPU
		{48758EAC-64BD-4D65-8E32-7CB8BE24407E}.Release|Any CPU.Build.0 = Release|Any CPU
	EndGlobalSection
	GlobalSection(SolutionProperties) = preSolution
		HideSolutionNode = FALSE
	EndGlobalSection
	GlobalSection(ExtensibilityGlobals) = postSolution
		SolutionGuid = {34005412-E304-4C0E-9AA9-1823AE2F8EE8}
	EndGlobalSection
EndGlobal
